<?xml version="1.0" encoding="utf-8"?>
<Project ToolsVersion="4.0" xmlns="http://schemas.microsoft.com/developer/msbuild/2003">
  <ItemGroup>
    <Filter Include="Source Files">
      <UniqueIdentifier>{4FC737F1-C7A5-4376-A066-2A32D752A2FF}</UniqueIdentifier>
      <Extensions>cpp;c;cc;cxx;def;odl;idl;hpj;bat;asm;asmx</Extensions>
    </Filter>
    <Filter Include="Header Files">
      <UniqueIdentifier>{93995380-89BD-4b04-88EB-625FBE52EBFB}</UniqueIdentifier>
      <Extensions>h;hh;hpp;hxx;hm;inl;inc;xsd</Extensions>
    </Filter>
    <Filter Include="Resource Files">
      <UniqueIdentifier>{67DA6AB6-F800-4c08-8B7A-83BB121AAD01}</UniqueIdentifier>
      <Extensions>rc;ico;cur;bmp;dlg;rc2;rct;bin;rgs;gif;jpg;jpeg;jpe;resx;tiff;tif;png;wav;mfcribbon-ms</Extensions>
    </Filter>
    <Filter Include="Source Files\tests">
      <UniqueIdentifier>{2e0ea70e-b7c1-4711-b3f2-24f083200b1d}</UniqueIdentifier>
    </Filter>
  </ItemGroup>
  <ItemGroup>
    <ClCompile Include="examples\example1.cpp">
      <Filter>Source Files</Filter>
    </ClCompile>
    <ClCompile Include="examples\example2.cpp">
      <Filter>Source Files</Filter>
    </ClCompile>
    <ClCompile Include="examples\example3.cpp">
      <Filter>Source Files</Filter>
    </ClCompile>
    <ClCompile Include="examples\django.cpp">
      <Filter>Source Files</Filter>
    </ClCompile>
    <ClCompile Include="examples\main.cpp">
      <Filter>Source Files</Filter>
    </ClCompile>
    <ClCompile Include="examples\simple_generate2.cpp">
      <Filter>Source Files\tests</Filter>
    </ClCompile>
    <ClCompile Include="test\mustache\mustache_compiler.cpp">
      <Filter>Source Files\tests</Filter>
    </ClCompile>
    <ClCompile Include="test\mustache\mustache_end2end.cpp">
      <Filter>Source Files\tests</Filter>
    </ClCompile>
    <ClCompile Include="test\mustache\mustache_parser.cpp">
      <Filter>Source Files\tests</Filter>
    </ClCompile>
    <ClCompile Include="test\shared\parser_test.cpp">
      <Filter>Source Files\tests</Filter>
    </ClCompile>
    <ClCompile Include="test\model\render_traits.cpp">
      <Filter>Source Files\tests</Filter>
    </ClCompile>
    <ClCompile Include="test\frontend\adapt_test.cpp">
      <Filter>Source Files\tests</Filter>
    </ClCompile>
    <ClCompile Include="test\django\django_parser.cpp">
      <Filter>Source Files\tests</Filter>
    </ClCompile>
    <ClCompile Include="test\vm\foreach.cpp">
      <Filter>Source Files\tests</Filter>
    </ClCompile>
    <ClCompile Include="test\frontend\grammar_basic.cpp">
      <Filter>Source Files\tests</Filter>
    </ClCompile>
    <ClCompile Include="test\model\traits.cpp">
      <Filter>Source Files\tests</Filter>
    </ClCompile>
    <ClCompile Include="examples\example4.cpp">
      <Filter>Source Files</Filter>
    </ClCompile>
  </ItemGroup>
  <ItemGroup>
    <ClInclude Include="include\boost\boostache\backend\compiler.hpp">
      <Filter>Header Files</Filter>
    </ClInclude>
    <ClInclude Include="include\boost\boostache\backend\detail\django_compiler.hpp">
      <Filter>Header Files</Filter>
    </ClInclude>
    <ClInclude Include="include\boost\boostache\backend\detail\stache_compiler.hpp">
      <Filter>Header Files</Filter>
    </ClInclude>
    <ClInclude Include="include\boost\boostache\backend\django_compiler.hpp">
      <Filter>Header Files</Filter>
    </ClInclude>
    <ClInclude Include="include\boost\boostache\backend\stache_compiler.hpp">
      <Filter>Header Files</Filter>
    </ClInclude>
    <ClInclude Include="include\boost\boostache\boostache.hpp">
      <Filter>Header Files</Filter>
    </ClInclude>
    <ClInclude Include="include\boost\boostache\detail\unwrap_variant_visitor.hpp">
      <Filter>Header Files</Filter>
    </ClInclude>
    <ClInclude Include="include\boost\boostache\django.hpp">
      <Filter>Header Files</Filter>
    </ClInclude>
    <ClInclude Include="include\boost\boostache\frontend\django\ast.hpp">
      <Filter>Header Files</Filter>
    </ClInclude>
    <ClInclude Include="include\boost\boostache\frontend\django\ast_adapted.hpp">
      <Filter>Header Files</Filter>
    </ClInclude>
    <ClInclude Include="include\boost\boostache\frontend\django\grammar.hpp">
      <Filter>Header Files</Filter>
    </ClInclude>
    <ClInclude Include="include\boost\boostache\frontend\django\grammar_def.hpp">
      <Filter>Header Files</Filter>
    </ClInclude>
    <ClInclude Include="include\boost\boostache\frontend\django\printer.hpp">
      <Filter>Header Files</Filter>
    </ClInclude>
    <ClInclude Include="include\boost\boostache\frontend\parse.hpp">
      <Filter>Header Files</Filter>
    </ClInclude>
    <ClInclude Include="include\boost\boostache\frontend\stache\ast.hpp">
      <Filter>Header Files</Filter>
    </ClInclude>
    <ClInclude Include="include\boost\boostache\frontend\stache\ast_adapted.hpp">
      <Filter>Header Files</Filter>
    </ClInclude>
    <ClInclude Include="include\boost\boostache\frontend\stache\grammar.hpp">
      <Filter>Header Files</Filter>
    </ClInclude>
    <ClInclude Include="include\boost\boostache\frontend\stache\grammar_def.hpp">
      <Filter>Header Files</Filter>
    </ClInclude>
    <ClInclude Include="include\boost\boostache\frontend\stache\printer.hpp">
      <Filter>Header Files</Filter>
    </ClInclude>
    <ClInclude Include="include\boost\boostache\model\basic_render_extension.hpp">
      <Filter>Header Files</Filter>
    </ClInclude>
    <ClInclude Include="include\boost\boostache\model\basic_test_extension.hpp">
      <Filter>Header Files</Filter>
    </ClInclude>
    <ClInclude Include="include\boost\boostache\model\category.hpp">
      <Filter>Header Files</Filter>
    </ClInclude>
    <ClInclude Include="include\boost\boostache\model\default_adapter.hpp">
      <Filter>Header Files</Filter>
    </ClInclude>
    <ClInclude Include="include\boost\boostache\model\dynamic_model_printer.hpp">
      <Filter>Header Files</Filter>
    </ClInclude>
    <ClInclude Include="include\boost\boostache\model\helper.hpp">
      <Filter>Header Files</Filter>
    </ClInclude>
    <ClInclude Include="include\boost\boostache\model\property_tree_adapter.hpp">
      <Filter>Header Files</Filter>
    </ClInclude>
    <ClInclude Include="include\boost\boostache\model\render_traits.hpp">
      <Filter>Header Files</Filter>
    </ClInclude>
    <ClInclude Include="include\boost\boostache\model\select_traits.hpp">
      <Filter>Header Files</Filter>
    </ClInclude>
    <ClInclude Include="include\boost\boostache\model\stache_model.hpp">
      <Filter>Header Files</Filter>
    </ClInclude>
    <ClInclude Include="include\boost\boostache\model\stache_model_printer.hpp">
      <Filter>Header Files</Filter>
    </ClInclude>
    <ClInclude Include="include\boost\boostache\model\test_traits.hpp">
      <Filter>Header Files</Filter>
    </ClInclude>
    <ClInclude Include="include\boost\boostache\model\unwrap_variant.hpp">
      <Filter>Header Files</Filter>
    </ClInclude>
    <ClInclude Include="include\boost\boostache\stache.hpp">
      <Filter>Header Files</Filter>
    </ClInclude>
    <ClInclude Include="include\boost\boostache\vm\detail\engine_visitor.hpp">
      <Filter>Header Files</Filter>
    </ClInclude>
    <ClInclude Include="include\boost\boostache\vm\detail\environment.hpp">
      <Filter>Header Files</Filter>
    </ClInclude>
    <ClInclude Include="include\boost\boostache\vm\detail\foreach.hpp">
      <Filter>Header Files</Filter>
    </ClInclude>
    <ClInclude Include="include\boost\boostache\vm\detail\select_context.hpp">
      <Filter>Header Files</Filter>
    </ClInclude>
    <ClInclude Include="include\boost\boostache\vm\detail\stacked_context.hpp">
      <Filter>Header Files</Filter>
    </ClInclude>
    <ClInclude Include="include\boost\boostache\vm\engine_ast.hpp">
      <Filter>Header Files</Filter>
    </ClInclude>
    <ClInclude Include="include\boost\boostache\vm\generate.hpp">
      <Filter>Header Files</Filter>
    </ClInclude>
    <ClInclude Include="include\boost\boostache\vm\printer.hpp">
      <Filter>Header Files</Filter>
    </ClInclude>
    <ClInclude Include="include\boost\boostache\vm\traits.hpp">
      <Filter>Header Files</Filter>
    </ClInclude>
    <ClInclude Include="include\boost\boostache\vm\uniform.hpp">
      <Filter>Header Files</Filter>
    </ClInclude>
    <ClInclude Include="include\boost\boostache\vm\unificator.hpp">
      <Filter>Header Files</Filter>
    </ClInclude>
  </ItemGroup>
  <ItemGroup>
    <Text Include="include\boost\boostache\todo.txt" />
    <Text Include="Demo.txt">
      <Filter>Source Files</Filter>
    </Text>
  </ItemGroup>
</Project>